
Microsoft Visual Studio Solution File, Format Version 12.00
# Visual Studio Version 16
VisualStudioVersion = 16.0.28922.388
MinimumVisualStudioVersion = 10.0.40219.1
Project("{FAE04EC0-301F-11D3-BF4B-00C04F79EFBC}") = "UniversalComputingPlatform", "UniversalComputingPlatform\UniversalComputingPlatform.csproj", "{183116D5-94ED-4196-8969-C8665B84AA18}"
EndProject
Global
	GlobalSection(SolutionConfigurationPlatforms) = preSolution
		Debug|Any CPU = Debug|Any CPU
		Release|Any CPU = Release|Any CPU
	EndGlobalSection
	GlobalSection(ProjectConfigurationPlatforms) = postSolution
		{183116D5-94ED-4196-8969-C8665B84AA18}.Debug|Any CPU.ActiveCfg = Debug|Any CPU
		{183116D5-94ED-4196-8969-C8665B84AA18}.Debug|Any CPU.Build.0 = Debug|Any CPU
		{183116D5-94ED-4196-8969-C8665B84AA18}.Release|Any CPU.ActiveCfg = Release|Any CPU
		{183116D5-94ED-4196-8969-C8665B84AA18}.Release|Any CPU.Build.0 = Release|Any CPU
	EndGlobalSection
	GlobalSection(SolutionProperties) = preSolution
		HideSolutionNode = FALSE
	EndGlobalSection
	GlobalSection(ExtensibilityGlobals) = postSolution
		SolutionGuid = {F596D230-D734-46D8-B12F-EE60595CFBB0}
	EndGlobalSection
EndGlobal
